{
  "name": "website",
  "lockfileVersion": 3,
  "requires": true,
  "packages": {
    "": {
      "dependencies": {
        "pagefind": "^1.5.0-beta.1"
      }
    },
    "node_modules/@pagefind/darwin-arm64": {
      "version": "1.5.0-beta.1",
      "resolved": "https://registry.npmjs.org/@pagefind/darwin-arm64/-/darwin-arm64-1.5.0-beta.1.tgz",
      "integrity": "sha512-oOcnXy83NK+utpeHN3igrug7RpZpu0lLNpGOXfTKJaOc44lIvxnDI0ceJnwvRqDCl+KLSGpqn4uWczmEMtnikQ==",
      "cpu": [
        "arm64"
      ],
      "license": "MIT",
      "optional": true,
      "os": [
        "darwin"
      ]
    },
    "node_modules/@pagefind/darwin-x64": {
      "version": "1.5.0-beta.1",
      "resolved": "https://registry.npmjs.org/@pagefind/darwin-x64/-/darwin-x64-1.5.0-beta.1.tgz",
      "integrity": "sha512-ZL2+L+rtjPv0sZ1CcrtuDqJgorkGr6DTcm3KargL2gvlIfup73GEZ1S0rNSLPIR1azUa+fuiW2dI8SEacCRcBQ==",
      "cpu": [
        "x64"
      ],
      "license": "MIT",
      "optional": true,
      "os": [
        "darwin"
      ]
    },
    "node_modules/@pagefind/freebsd-x64": {
      "version": "1.5.0-beta.1",
      "resolved": "https://registry.npmjs.org/@pagefind/freebsd-x64/-/freebsd-x64-1.5.0-beta.1.tgz",
      "integrity": "sha512-OYUJUAipl8PX2kl5GJUd0Jt1lmzbeG2Ld0J6FWNZw3eEQ9Qs58bviuo7bg99xJEV8K//GO3PrD6JHzFI5umUJA==",
      "cpu": [
        "x64"
      ],
      "license": "MIT",
      "optional": true,
      "os": [
        "freebsd"
      ]
    },
    "node_modules/@pagefind/linux-arm64": {
      "version": "1.5.0-beta.1",
      "resolved": "https://registry.npmjs.org/@pagefind/linux-arm64/-/linux-arm64-1.5.0-beta.1.tgz",
      "integrity": "sha512-xaHp0iBnhC/jWRmwLZ5+x1f/DK1G9Z2rdXgNh7YTEes0hSaQwwu6JzAKjhH9K1rYClWnRDfHIF+SBu5MY48ecQ==",
      "cpu": [
        "arm64"
      ],
      "license": "MIT",
      "optional": true,
      "os": [
        "linux"
      ]
    },
    "node_modules/@pagefind/linux-x64": {
      "version": "1.5.0-beta.1",
      "resolved": "https://registry.npmjs.org/@pagefind/linux-x64/-/linux-x64-1.5.0-beta.1.tgz",
      "integrity": "sha512-3UzHImmoMC1xTN3uD6myxKMDxygEQu+i4f1qRGAyetXudkK5ItlLZycAso6+e5Te0jNlDRDosTE5ulj+MuR4dg==",
      "cpu": [
        "x64"
      ],
      "license": "MIT",
      "optional": true,
      "os": [
        "linux"
      ]
    },
    "node_modules/@pagefind/windows-x64": {
      "version": "1.5.0-beta.1",
      "resolved": "https://registry.npmjs.org/@pagefind/windows-x64/-/windows-x64-1.5.0-beta.1.tgz",
      "integrity": "sha512-A+D7zCNPdXXaUw2TIyTdrMSK61wq7yRluXL/b/dxFyBP/qycFV8wqIiLx14vQH+pKgXOeMdIkiLAA+HUnbPWwg==",
      "cpu": [
        "x64"
      ],
      "license": "MIT",
      "optional": true,
      "os": [
        "win32"
      ]
    },
    "node_modules/pagefind": {
      "version": "1.5.0-beta.1",
      "resolved": "https://registry.npmjs.org/pagefind/-/pagefind-1.5.0-beta.1.tgz",
      "integrity": "sha512-TOOP7e1C7Nd82wWFu2P5ElIFbNLiqdrKlBz6/BpyeJ6t17NtldrQyPmsBiHsv+eu7E6uXo7lG9MYsUcLMk+6ew==",
      "license": "MIT",
      "bin": {
        "pagefind": "lib/runner/bin.cjs"
      },
      "optionalDependencies": {
        "@pagefind/darwin-arm64": "1.5.0-beta.1",
        "@pagefind/darwin-x64": "1.5.0-beta.1",
        "@pagefind/freebsd-x64": "1.5.0-beta.1",
        "@pagefind/linux-arm64": "1.5.0-beta.1",
        "@pagefind/linux-x64": "1.5.0-beta.1",
        "@pagefind/windows-x64": "1.5.0-beta.1"
      }
    }
  }
}
